// !$*UTF8*$!
{
	archiveVersion = 1;
	classes = {
	};
	objectVersion = 52;
	objects = {

/* Begin PBXBuildFile section */
		1012433B262AC48100D0861F /* PlayerComponent.swift in Sources */ = {isa = PBXBuildFile; fileRef = 1012433A262AC48100D0861F /* PlayerComponent.swift */; };
		10124344262AC6FF00D0861F /* SampledSoundSource.swift in Sources */ = {isa = PBXBuildFile; fileRef = 10124343262AC6FF00D0861F /* SampledSoundSource.swift */; };
		103FDD7D262DC6790056A7E3 /* Bubbles.wav in Resources */ = {isa = PBXBuildFile; fileRef = 103FDD7C262DC6790056A7E3 /* Bubbles.wav */; };
		103FDD84262DC8850056A7E3 /* Birds.wav in Resources */ = {isa = PBXBuildFile; fileRef = 103FDD83262DC8850056A7E3 /* Birds.wav */; };
		103FDD87262DCA4B0056A7E3 /* Raft.wav in Resources */ = {isa = PBXBuildFile; fileRef = 103FDD86262DCA4A0056A7E3 /* Raft.wav */; };
		103FDD8B262DCC580056A7E3 /* Wind.wav in Resources */ = {isa = PBXBuildFile; fileRef = 103FDD8A262DCC580056A7E3 /* Wind.wav */; };
		103FDD8E262DCD360056A7E3 /* Fire.wav in Resources */ = {isa = PBXBuildFile; fileRef = 103FDD8D262DCD360056A7E3 /* Fire.wav */; };
		103FDD91262DCDA10056A7E3 /* Seagulls.wav in Resources */ = {isa = PBXBuildFile; fileRef = 103FDD90262DCDA10056A7E3 /* Seagulls.wav */; };
		103FDD94262DCDFB0056A7E3 /* WaterTap.wav in Resources */ = {isa = PBXBuildFile; fileRef = 103FDD93262DCDFB0056A7E3 /* WaterTap.wav */; };
		103FDD97262DD10E0056A7E3 /* Beach.wav in Resources */ = {isa = PBXBuildFile; fileRef = 103FDD96262DD10E0056A7E3 /* Beach.wav */; };
		103FDD9A262DD1850056A7E3 /* Waves.wav in Resources */ = {isa = PBXBuildFile; fileRef = 103FDD99262DD1850056A7E3 /* Waves.wav */; };
		103FDDA0262DD7070056A7E3 /* SampledSoundSources.json in Resources */ = {isa = PBXBuildFile; fileRef = 103FDD9F262DD7070056A7E3 /* SampledSoundSources.json */; };
		103FDDA4262DD97A0056A7E3 /* SharedData.swift in Sources */ = {isa = PBXBuildFile; fileRef = 103FDDA3262DD97A0056A7E3 /* SharedData.swift */; };
		105BDFEC262ACF0400DA8152 /* AudioKit in Frameworks */ = {isa = PBXBuildFile; productRef = 105BDFEB262ACF0400DA8152 /* AudioKit */; };
		1080A6EE262AE9CD006EB381 /* Thunderstorm2.wav in Resources */ = {isa = PBXBuildFile; fileRef = 1080A6E8262AE9CC006EB381 /* Thunderstorm2.wav */; };
		1080A6F0262AE9CD006EB381 /* Storm2.wav in Resources */ = {isa = PBXBuildFile; fileRef = 1080A6EA262AE9CC006EB381 /* Storm2.wav */; };
		1080A6F1262AE9CD006EB381 /* Thunderstorm1.wav in Resources */ = {isa = PBXBuildFile; fileRef = 1080A6EB262AE9CC006EB381 /* Thunderstorm1.wav */; };
		1080A6F2262AE9CD006EB381 /* Rain.wav in Resources */ = {isa = PBXBuildFile; fileRef = 1080A6EC262AE9CC006EB381 /* Rain.wav */; };
		1080A6F3262AE9CD006EB381 /* Storm1.wav in Resources */ = {isa = PBXBuildFile; fileRef = 1080A6ED262AE9CD006EB381 /* Storm1.wav */; };
		1080C6B6262B6FA7004BEDB6 /* PlayerView.swift in Sources */ = {isa = PBXBuildFile; fileRef = 1080C6B5262B6FA7004BEDB6 /* PlayerView.swift */; };
		10E4A480262AB89600D8B372 /* atmosApp.swift in Sources */ = {isa = PBXBuildFile; fileRef = 10E4A47F262AB89600D8B372 /* atmosApp.swift */; };
		10E4A482262AB89600D8B372 /* ContentView.swift in Sources */ = {isa = PBXBuildFile; fileRef = 10E4A481262AB89600D8B372 /* ContentView.swift */; };
		10E4A484262AB89700D8B372 /* Assets.xcassets in Resources */ = {isa = PBXBuildFile; fileRef = 10E4A483262AB89700D8B372 /* Assets.xcassets */; };
		10E4A487262AB89700D8B372 /* Preview Assets.xcassets in Resources */ = {isa = PBXBuildFile; fileRef = 10E4A486262AB89700D8B372 /* Preview Assets.xcassets */; };
		10E4A489262AB89700D8B372 /* Persistence.swift in Sources */ = {isa = PBXBuildFile; fileRef = 10E4A488262AB89700D8B372 /* Persistence.swift */; };
		10E4A48C262AB89700D8B372 /* atmos.xcdatamodeld in Sources */ = {isa = PBXBuildFile; fileRef = 10E4A48A262AB89700D8B372 /* atmos.xcdatamodeld */; };
/* End PBXBuildFile section */

/* Begin PBXFileReference section */
		1012433A262AC48100D0861F /* PlayerComponent.swift */ = {isa = PBXFileReference; lastKnownFileType = sourcecode.swift; path = PlayerComponent.swift; sourceTree = "<group>"; };
		10124343262AC6FF00D0861F /* SampledSoundSource.swift */ = {isa = PBXFileReference; lastKnownFileType = sourcecode.swift; path = SampledSoundSource.swift; sourceTree = "<group>"; };
		103FDD7C262DC6790056A7E3 /* Bubbles.wav */ = {isa = PBXFileReference; lastKnownFileType = audio.wav; path = Bubbles.wav; sourceTree = "<group>"; };
		103FDD83262DC8850056A7E3 /* Birds.wav */ = {isa = PBXFileReference; lastKnownFileType = audio.wav; path = Birds.wav; sourceTree = "<group>"; };
		103FDD86262DCA4A0056A7E3 /* Raft.wav */ = {isa = PBXFileReference; lastKnownFileType = audio.wav; path = Raft.wav; sourceTree = "<group>"; };
		103FDD8A262DCC580056A7E3 /* Wind.wav */ = {isa = PBXFileReference; lastKnownFileType = audio.wav; path = Wind.wav; sourceTree = "<group>"; };
		103FDD8D262DCD360056A7E3 /* Fire.wav */ = {isa = PBXFileReference; lastKnownFileType = audio.wav; path = Fire.wav; sourceTree = "<group>"; };
		103FDD90262DCDA10056A7E3 /* Seagulls.wav */ = {isa = PBXFileReference; lastKnownFileType = audio.wav; path = Seagulls.wav; sourceTree = "<group>"; };
		103FDD93262DCDFB0056A7E3 /* WaterTap.wav */ = {isa = PBXFileReference; lastKnownFileType = audio.wav; path = WaterTap.wav; sourceTree = "<group>"; };
		103FDD96262DD10E0056A7E3 /* Beach.wav */ = {isa = PBXFileReference; lastKnownFileType = audio.wav; path = Beach.wav; sourceTree = "<group>"; };
		103FDD99262DD1850056A7E3 /* Waves.wav */ = {isa = PBXFileReference; lastKnownFileType = audio.wav; path = Waves.wav; sourceTree = "<group>"; };
		103FDD9F262DD7070056A7E3 /* SampledSoundSources.json */ = {isa = PBXFileReference; lastKnownFileType = text.json; path = SampledSoundSources.json; sourceTree = "<group>"; };
		103FDDA3262DD97A0056A7E3 /* SharedData.swift */ = {isa = PBXFileReference; lastKnownFileType = sourcecode.swift; path = SharedData.swift; sourceTree = "<group>"; };
		1080A6E8262AE9CC006EB381 /* Thunderstorm2.wav */ = {isa = PBXFileReference; lastKnownFileType = audio.wav; path = Thunderstorm2.wav; sourceTree = "<group>"; };
		1080A6EA262AE9CC006EB381 /* Storm2.wav */ = {isa = PBXFileReference; lastKnownFileType = audio.wav; path = Storm2.wav; sourceTree = "<group>"; };
		1080A6EB262AE9CC006EB381 /* Thunderstorm1.wav */ = {isa = PBXFileReference; lastKnownFileType = audio.wav; path = Thunderstorm1.wav; sourceTree = "<group>"; };
		1080A6EC262AE9CC006EB381 /* Rain.wav */ = {isa = PBXFileReference; lastKnownFileType = audio.wav; path = Rain.wav; sourceTree = "<group>"; };
		1080A6ED262AE9CD006EB381 /* Storm1.wav */ = {isa = PBXFileReference; lastKnownFileType = audio.wav; path = Storm1.wav; sourceTree = "<group>"; };
		1080C6B5262B6FA7004BEDB6 /* PlayerView.swift */ = {isa = PBXFileReference; lastKnownFileType = sourcecode.swift; path = PlayerView.swift; sourceTree = "<group>"; };
		10E4A47C262AB89600D8B372 /* atmos.app */ = {isa = PBXFileReference; explicitFileType = wrapper.application; includeInIndex = 0; path = atmos.app; sourceTree = BUILT_PRODUCTS_DIR; };
		10E4A47F262AB89600D8B372 /* atmosApp.swift */ = {isa = PBXFileReference; lastKnownFileType = sourcecode.swift; path = atmosApp.swift; sourceTree = "<group>"; };
		10E4A481262AB89600D8B372 /* ContentView.swift */ = {isa = PBXFileReference; lastKnownFileType = sourcecode.swift; path = ContentView.swift; sourceTree = "<group>"; };
		10E4A483262AB89700D8B372 /* Assets.xcassets */ = {isa = PBXFileReference; lastKnownFileType = folder.assetcatalog; path = Assets.xcassets; sourceTree = "<group>"; };
		10E4A486262AB89700D8B372 /* Preview Assets.xcassets */ = {isa = PBXFileReference; lastKnownFileType = folder.assetcatalog; path = "Preview Assets.xcassets"; sourceTree = "<group>"; };
		10E4A488262AB89700D8B372 /* Persistence.swift */ = {isa = PBXFileReference; lastKnownFileType = sourcecode.swift; path = Persistence.swift; sourceTree = "<group>"; };
		10E4A48B262AB89700D8B372 /* atmos.xcdatamodel */ = {isa = PBXFileReference; lastKnownFileType = wrapper.xcdatamodel; path = atmos.xcdatamodel; sourceTree = "<group>"; };
		10E4A48D262AB89700D8B372 /* Info.plist */ = {isa = PBXFileReference; lastKnownFileType = text.plist.xml; path = Info.plist; sourceTree = "<group>"; };
/* End PBXFileReference section */

/* Begin PBXFrameworksBuildPhase section */
		10E4A479262AB89600D8B372 /* Frameworks */ = {
			isa = PBXFrameworksBuildPhase;
			buildActionMask = 2147483647;
			files = (
				105BDFEC262ACF0400DA8152 /* AudioKit in Frameworks */,
			);
			runOnlyForDeploymentPostprocessing = 0;
		};
/* End PBXFrameworksBuildPhase section */

/* Begin PBXGroup section */
		10124337262ABC4000D0861F /* View */ = {
			isa = PBXGroup;
			children = (
				10124339262AC46800D0861F /* Player */,
			);
			path = View;
			sourceTree = "<group>";
		};
		10124339262AC46800D0861F /* Player */ = {
			isa = PBXGroup;
			children = (
				1012433A262AC48100D0861F /* PlayerComponent.swift */,
				1080C6B5262B6FA7004BEDB6 /* PlayerView.swift */,
			);
			path = Player;
			sourceTree = "<group>";
		};
		1012433E262AC4D500D0861F /* Model */ = {
			isa = PBXGroup;
			children = (
				10124343262AC6FF00D0861F /* SampledSoundSource.swift */,
				103FDDA3262DD97A0056A7E3 /* SharedData.swift */,
			);
			path = Model;
			sourceTree = "<group>";
		};
		103FDD9E262DD6CC0056A7E3 /* Resources */ = {
			isa = PBXGroup;
			children = (
				103FDD9F262DD7070056A7E3 /* SampledSoundSources.json */,
			);
			path = Resources;
			sourceTree = "<group>";
		};
		1080A6E7262AE93D006EB381 /* Sounds */ = {
			isa = PBXGroup;
			children = (
				103FDD96262DD10E0056A7E3 /* Beach.wav */,
				103FDD83262DC8850056A7E3 /* Birds.wav */,
				103FDD7C262DC6790056A7E3 /* Bubbles.wav */,
				103FDD8D262DCD360056A7E3 /* Fire.wav */,
				103FDD86262DCA4A0056A7E3 /* Raft.wav */,
				1080A6EC262AE9CC006EB381 /* Rain.wav */,
				103FDD90262DCDA10056A7E3 /* Seagulls.wav */,
				1080A6ED262AE9CD006EB381 /* Storm1.wav */,
				1080A6EA262AE9CC006EB381 /* Storm2.wav */,
				1080A6EB262AE9CC006EB381 /* Thunderstorm1.wav */,
				1080A6E8262AE9CC006EB381 /* Thunderstorm2.wav */,
				103FDD93262DCDFB0056A7E3 /* WaterTap.wav */,
				103FDD99262DD1850056A7E3 /* Waves.wav */,
				103FDD8A262DCC580056A7E3 /* Wind.wav */,
			);
			path = Sounds;
			sourceTree = "<group>";
		};
		10E4A473262AB89600D8B372 = {
			isa = PBXGroup;
			children = (
				10E4A47E262AB89600D8B372 /* atmos */,
				10E4A47D262AB89600D8B372 /* Products */,
			);
			sourceTree = "<group>";
		};
		10E4A47D262AB89600D8B372 /* Products */ = {
			isa = PBXGroup;
			children = (
				10E4A47C262AB89600D8B372 /* atmos.app */,
			);
			name = Products;
			sourceTree = "<group>";
		};
		10E4A47E262AB89600D8B372 /* atmos */ = {
			isa = PBXGroup;
			children = (
				1012433E262AC4D500D0861F /* Model */,
				10124337262ABC4000D0861F /* View */,
				10E4A47F262AB89600D8B372 /* atmosApp.swift */,
				10E4A481262AB89600D8B372 /* ContentView.swift */,
				10E4A483262AB89700D8B372 /* Assets.xcassets */,
				10E4A488262AB89700D8B372 /* Persistence.swift */,
				10E4A48D262AB89700D8B372 /* Info.plist */,
				10E4A48A262AB89700D8B372 /* atmos.xcdatamodeld */,
				103FDD9E262DD6CC0056A7E3 /* Resources */,
				1080A6E7262AE93D006EB381 /* Sounds */,
				10E4A485262AB89700D8B372 /* Preview Content */,
			);
			path = atmos;
			sourceTree = "<group>";
		};
		10E4A485262AB89700D8B372 /* Preview Content */ = {
			isa = PBXGroup;
			children = (
				10E4A486262AB89700D8B372 /* Preview Assets.xcassets */,
			);
			path = "Preview Content";
			sourceTree = "<group>";
		};
/* End PBXGroup section */

/* Begin PBXNativeTarget section */
		10E4A47B262AB89600D8B372 /* atmos */ = {
			isa = PBXNativeTarget;
			buildConfigurationList = 10E4A490262AB89700D8B372 /* Build configuration list for PBXNativeTarget "atmos" */;
			buildPhases = (
				10E4A478262AB89600D8B372 /* Sources */,
				10E4A479262AB89600D8B372 /* Frameworks */,
				10E4A47A262AB89600D8B372 /* Resources */,
			);
			buildRules = (
			);
			dependencies = (
			);
			name = atmos;
			packageProductDependencies = (
				105BDFEB262ACF0400DA8152 /* AudioKit */,
			);
			productName = atmos;
			productReference = 10E4A47C262AB89600D8B372 /* atmos.app */;
			productType = "com.apple.product-type.application";
		};
/* End PBXNativeTarget section */

/* Begin PBXProject section */
		10E4A474262AB89600D8B372 /* Project object */ = {
			isa = PBXProject;
			attributes = {
				LastSwiftUpdateCheck = 1240;
				LastUpgradeCheck = 1240;
				TargetAttributes = {
					10E4A47B262AB89600D8B372 = {
						CreatedOnToolsVersion = 12.4;
					};
				};
			};
			buildConfigurationList = 10E4A477262AB89600D8B372 /* Build configuration list for PBXProject "atmos" */;
			compatibilityVersion = "Xcode 9.3";
			developmentRegion = en;
			hasScannedForEncodings = 0;
			knownRegions = (
				en,
				Base,
			);
			mainGroup = 10E4A473262AB89600D8B372;
			packageReferences = (
				105BDFEA262ACF0400DA8152 /* XCRemoteSwiftPackageReference "AudioKit" */,
			);
			productRefGroup = 10E4A47D262AB89600D8B372 /* Products */;
			projectDirPath = "";
			projectRoot = "";
			targets = (
				10E4A47B262AB89600D8B372 /* atmos */,
			);
		};
/* End PBXProject section */

/* Begin PBXResourcesBuildPhase section */
		10E4A47A262AB89600D8B372 /* Resources */ = {
			isa = PBXResourcesBuildPhase;
			buildActionMask = 2147483647;
			files = (
				1080A6F1262AE9CD006EB381 /* Thunderstorm1.wav in Resources */,
				103FDD87262DCA4B0056A7E3 /* Raft.wav in Resources */,
				1080A6F2262AE9CD006EB381 /* Rain.wav in Resources */,
				1080A6EE262AE9CD006EB381 /* Thunderstorm2.wav in Resources */,
				103FDD97262DD10E0056A7E3 /* Beach.wav in Resources */,
				103FDD8B262DCC580056A7E3 /* Wind.wav in Resources */,
				103FDD7D262DC6790056A7E3 /* Bubbles.wav in Resources */,
				10E4A487262AB89700D8B372 /* Preview Assets.xcassets in Resources */,
				103FDD94262DCDFB0056A7E3 /* WaterTap.wav in Resources */,
				1080A6F3262AE9CD006EB381 /* Storm1.wav in Resources */,
				103FDD84262DC8850056A7E3 /* Birds.wav in Resources */,
				103FDDA0262DD7070056A7E3 /* SampledSoundSources.json in Resources */,
				103FDD9A262DD1850056A7E3 /* Waves.wav in Resources */,
				10E4A484262AB89700D8B372 /* Assets.xcassets in Resources */,
				103FDD91262DCDA10056A7E3 /* Seagulls.wav in Resources */,
				103FDD8E262DCD360056A7E3 /* Fire.wav in Resources */,
				1080A6F0262AE9CD006EB381 /* Storm2.wav in Resources */,
			);
			runOnlyForDeploymentPostprocessing = 0;
		};
/* End PBXResourcesBuildPhase section */

/* Begin PBXSourcesBuildPhase section */
		10E4A478262AB89600D8B372 /* Sources */ = {
			isa = PBXSourcesBuildPhase;
			buildActionMask = 2147483647;
			files = (
				10E4A489262AB89700D8B372 /* Persistence.swift in Sources */,
				1012433B262AC48100D0861F /* PlayerComponent.swift in Sources */,
				103FDDA4262DD97A0056A7E3 /* SharedData.swift in Sources */,
				10124344262AC6FF00D0861F /* SampledSoundSource.swift in Sources */,
				1080C6B6262B6FA7004BEDB6 /* PlayerView.swift in Sources */,
				10E4A482262AB89600D8B372 /* ContentView.swift in Sources */,
				10E4A48C262AB89700D8B372 /* atmos.xcdatamodeld in Sources */,
				10E4A480262AB89600D8B372 /* atmosApp.swift in Sources */,
			);
			runOnlyForDeploymentPostprocessing = 0;
		};
/* End PBXSourcesBuildPhase section */

/* Begin XCBuildConfiguration section */
		10E4A48E262AB89700D8B372 /* Debug */ = {
			isa = XCBuildConfiguration;
			buildSettings = {
				ALWAYS_SEARCH_USER_PATHS = NO;
				CLANG_ANALYZER_NONNULL = YES;
				CLANG_ANALYZER_NUMBER_OBJECT_CONVERSION = YES_AGGRESSIVE;
				CLANG_CXX_LANGUAGE_STANDARD = "gnu++14";
				CLANG_CXX_LIBRARY = "libc++";
				CLANG_ENABLE_MODULES = YES;
				CLANG_ENABLE_OBJC_ARC = YES;
				CLANG_ENABLE_OBJC_WEAK = YES;
				CLANG_WARN_BLOCK_CAPTURE_AUTORELEASING = YES;
				CLANG_WARN_BOOL_CONVERSION = YES;
				CLANG_WARN_COMMA = YES;
				CLANG_WARN_CONSTANT_CONVERSION = YES;
				CLANG_WARN_DEPRECATED_OBJC_IMPLEMENTATIONS = YES;
				CLANG_WARN_DIRECT_OBJC_ISA_USAGE = YES_ERROR;
				CLANG_WARN_DOCUMENTATION_COMMENTS = YES;
				CLANG_WARN_EMPTY_BODY = YES;
				CLANG_WARN_ENUM_CONVERSION = YES;
				CLANG_WARN_INFINITE_RECURSION = YES;
				CLANG_WARN_INT_CONVERSION = YES;
				CLANG_WARN_NON_LITERAL_NULL_CONVERSION = YES;
				CLANG_WARN_OBJC_IMPLICIT_RETAIN_SELF = YES;
				CLANG_WARN_OBJC_LITERAL_CONVERSION = YES;
				CLANG_WARN_OBJC_ROOT_CLASS = YES_ERROR;
				CLANG_WARN_QUOTED_INCLUDE_IN_FRAMEWORK_HEADER = YES;
				CLANG_WARN_RANGE_LOOP_ANALYSIS = YES;
				CLANG_WARN_STRICT_PROTOTYPES = YES;
				CLANG_WARN_SUSPICIOUS_MOVE = YES;
				CLANG_WARN_UNGUARDED_AVAILABILITY = YES_AGGRESSIVE;
				CLANG_WARN_UNREACHABLE_CODE = YES;
				CLANG_WARN__DUPLICATE_METHOD_MATCH = YES;
				COPY_PHASE_STRIP = NO;
				DEBUG_INFORMATION_FORMAT = dwarf;
				ENABLE_STRICT_OBJC_MSGSEND = YES;
				ENABLE_TESTABILITY = YES;
				GCC_C_LANGUAGE_STANDARD = gnu11;
				GCC_DYNAMIC_NO_PIC = NO;
				GCC_NO_COMMON_BLOCKS = YES;
				GCC_OPTIMIZATION_LEVEL = 0;
				GCC_PREPROCESSOR_DEFINITIONS = (
					"DEBUG=1",
					"$(inherited)",
				);
				GCC_WARN_64_TO_32_BIT_CONVERSION = YES;
				GCC_WARN_ABOUT_RETURN_TYPE = YES_ERROR;
				GCC_WARN_UNDECLARED_SELECTOR = YES;
				GCC_WARN_UNINITIALIZED_AUTOS = YES_AGGRESSIVE;
				GCC_WARN_UNUSED_FUNCTION = YES;
				GCC_WARN_UNUSED_VARIABLE = YES;
				IPHONEOS_DEPLOYMENT_TARGET = 14.4;
				MTL_ENABLE_DEBUG_INFO = INCLUDE_SOURCE;
				MTL_FAST_MATH = YES;
				ONLY_ACTIVE_ARCH = YES;
				SDKROOT = iphoneos;
				SWIFT_ACTIVE_COMPILATION_CONDITIONS = DEBUG;
				SWIFT_OPTIMIZATION_LEVEL = "-Onone";
			};
			name = Debug;
		};
		10E4A48F262AB89700D8B372 /* Release */ = {
			isa = XCBuildConfiguration;
			buildSettings = {
				ALWAYS_SEARCH_USER_PATHS = NO;
				CLANG_ANALYZER_NONNULL = YES;
				CLANG_ANALYZER_NUMBER_OBJECT_CONVERSION = YES_AGGRESSIVE;
				CLANG_CXX_LANGUAGE_STANDARD = "gnu++14";
				CLANG_CXX_LIBRARY = "libc++";
				CLANG_ENABLE_MODULES = YES;
				CLANG_ENABLE_OBJC_ARC = YES;
				CLANG_ENABLE_OBJC_WEAK = YES;
				CLANG_WARN_BLOCK_CAPTURE_AUTORELEASING = YES;
				CLANG_WARN_BOOL_CONVERSION = YES;
				CLANG_WARN_COMMA = YES;
				CLANG_WARN_CONSTANT_CONVERSION = YES;
				CLANG_WARN_DEPRECATED_OBJC_IMPLEMENTATIONS = YES;
				CLANG_WARN_DIRECT_OBJC_ISA_USAGE = YES_ERROR;
				CLANG_WARN_DOCUMENTATION_COMMENTS = YES;
				CLANG_WARN_EMPTY_BODY = YES;
				CLANG_WARN_ENUM_CONVERSION = YES;
				CLANG_WARN_INFINITE_RECURSION = YES;
				CLANG_WARN_INT_CONVERSION = YES;
				CLANG_WARN_NON_LITERAL_NULL_CONVERSION = YES;
				CLANG_WARN_OBJC_IMPLICIT_RETAIN_SELF = YES;
				CLANG_WARN_OBJC_LITERAL_CONVERSION = YES;
				CLANG_WARN_OBJC_ROOT_CLASS = YES_ERROR;
				CLANG_WARN_QUOTED_INCLUDE_IN_FRAMEWORK_HEADER = YES;
				CLANG_WARN_RANGE_LOOP_ANALYSIS = YES;
				CLANG_WARN_STRICT_PROTOTYPES = YES;
				CLANG_WARN_SUSPICIOUS_MOVE = YES;
				CLANG_WARN_UNGUARDED_AVAILABILITY = YES_AGGRESSIVE;
				CLANG_WARN_UNREACHABLE_CODE = YES;
				CLANG_WARN__DUPLICATE_METHOD_MATCH = YES;
				COPY_PHASE_STRIP = NO;
				DEBUG_INFORMATION_FORMAT = "dwarf-with-dsym";
				ENABLE_NS_ASSERTIONS = NO;
				ENABLE_STRICT_OBJC_MSGSEND = YES;
				GCC_C_LANGUAGE_STANDARD = gnu11;
				GCC_NO_COMMON_BLOCKS = YES;
				GCC_WARN_64_TO_32_BIT_CONVERSION = YES;
				GCC_WARN_ABOUT_RETURN_TYPE = YES_ERROR;
				GCC_WARN_UNDECLARED_SELECTOR = YES;
				GCC_WARN_UNINITIALIZED_AUTOS = YES_AGGRESSIVE;
				GCC_WARN_UNUSED_FUNCTION = YES;
				GCC_WARN_UNUSED_VARIABLE = YES;
				IPHONEOS_DEPLOYMENT_TARGET = 14.4;
				MTL_ENABLE_DEBUG_INFO = NO;
				MTL_FAST_MATH = YES;
				SDKROOT = iphoneos;
				SWIFT_COMPILATION_MODE = wholemodule;
				SWIFT_OPTIMIZATION_LEVEL = "-O";
				VALIDATE_PRODUCT = YES;
			};
			name = Release;
		};
		10E4A491262AB89700D8B372 /* Debug */ = {
			isa = XCBuildConfiguration;
			buildSettings = {
				ASSETCATALOG_COMPILER_APPICON_NAME = AppIcon;
				ASSETCATALOG_COMPILER_GLOBAL_ACCENT_COLOR_NAME = AccentColor;
				CODE_SIGN_STYLE = Automatic;
				DEVELOPMENT_ASSET_PATHS = "\"atmos/Preview Content\"";
				DEVELOPMENT_TEAM = MYZWSTS3TX;
				ENABLE_PREVIEWS = YES;
				INFOPLIST_FILE = atmos/Info.plist;
				IPHONEOS_DEPLOYMENT_TARGET = 14.1;
				LD_RUNPATH_SEARCH_PATHS = (
					"$(inherited)",
					"@executable_path/Frameworks",
				);
				MARKETING_VERSION = 0.0.1;
				PRODUCT_BUNDLE_IDENTIFIER = dev.muraca.atmos;
				PRODUCT_NAME = "$(TARGET_NAME)";
				SWIFT_VERSION = 5.0;
				TARGETED_DEVICE_FAMILY = "1,2";
			};
			name = Debug;
		};
		10E4A492262AB89700D8B372 /* Release */ = {
			isa = XCBuildConfiguration;
			buildSettings = {
				ASSETCATALOG_COMPILER_APPICON_NAME = AppIcon;
				ASSETCATALOG_COMPILER_GLOBAL_ACCENT_COLOR_NAME = AccentColor;
				CODE_SIGN_STYLE = Automatic;
				DEVELOPMENT_ASSET_PATHS = "\"atmos/Preview Content\"";
				DEVELOPMENT_TEAM = MYZWSTS3TX;
				ENABLE_PREVIEWS = YES;
				INFOPLIST_FILE = atmos/Info.plist;
				IPHONEOS_DEPLOYMENT_TARGET = 14.1;
				LD_RUNPATH_SEARCH_PATHS = (
					"$(inherited)",
					"@executable_path/Frameworks",
				);
				MARKETING_VERSION = 0.0.1;
				PRODUCT_BUNDLE_IDENTIFIER = dev.muraca.atmos;
				PRODUCT_NAME = "$(TARGET_NAME)";
				SWIFT_VERSION = 5.0;
				TARGETED_DEVICE_FAMILY = "1,2";
			};
			name = Release;
		};
/* End XCBuildConfiguration section */

/* Begin XCConfigurationList section */
		10E4A477262AB89600D8B372 /* Build configuration list for PBXProject "atmos" */ = {
			isa = XCConfigurationList;
			buildConfigurations = (
				10E4A48E262AB89700D8B372 /* Debug */,
				10E4A48F262AB89700D8B372 /* Release */,
			);
			defaultConfigurationIsVisible = 0;
			defaultConfigurationName = Release;
		};
		10E4A490262AB89700D8B372 /* Build configuration list for PBXNativeTarget "atmos" */ = {
			isa = XCConfigurationList;
			buildConfigurations = (
				10E4A491262AB89700D8B372 /* Debug */,
				10E4A492262AB89700D8B372 /* Release */,
			);
			defaultConfigurationIsVisible = 0;
			defaultConfigurationName = Release;
		};
/* End XCConfigurationList section */

/* Begin XCRemoteSwiftPackageReference section */
		105BDFEA262ACF0400DA8152 /* XCRemoteSwiftPackageReference "AudioKit" */ = {
			isa = XCRemoteSwiftPackageReference;
			repositoryURL = "https://github.com/AudioKit/AudioKit";
			requirement = {
				branch = "v5-main";
				kind = branch;
			};
		};
/* End XCRemoteSwiftPackageReference section */

/* Begin XCSwiftPackageProductDependency section */
		105BDFEB262ACF0400DA8152 /* AudioKit */ = {
			isa = XCSwiftPackageProductDependency;
			package = 105BDFEA262ACF0400DA8152 /* XCRemoteSwiftPackageReference "AudioKit" */;
			productName = AudioKit;
		};
/* End XCSwiftPackageProductDependency section */

/* Begin XCVersionGroup section */
		10E4A48A262AB89700D8B372 /* atmos.xcdatamodeld */ = {
			isa = XCVersionGroup;
			children = (
				10E4A48B262AB89700D8B372 /* atmos.xcdatamodel */,
			);
			currentVersion = 10E4A48B262AB89700D8B372 /* atmos.xcdatamodel */;
			path = atmos.xcdatamodeld;
			sourceTree = "<group>";
			versionGroupType = wrapper.xcdatamodel;
		};
/* End XCVersionGroup section */
	};
	rootObject = 10E4A474262AB89600D8B372 /* Project object */;
}
